
Microsoft Visual Studio Solution File, Format Version 12.00
# Visual Studio Version 17
VisualStudioVersion = 17.12.35527.113
MinimumVisualStudioVersion = 10.0.40219.1
Project("{FAE04EC0-301F-11D3-BF4B-00C04F79EFBC}") = "ListaCompras", "ListaCompras\ListaCompras.csproj", "{F4E042F2-685E-45A3-974F-DD25C3DDB040}"
EndProject
Global
	GlobalSection(SolutionConfigurationPlatforms) = preSolution
		Debug|Any CPU = Debug|Any CPU
		Release|Any CPU = Release|Any CPU
	EndGlobalSection
	GlobalSection(ProjectConfigurationPlatforms) = postSolution
		{F4E042F2-685E-45A3-974F-DD25C3DDB040}.Debug|Any CPU.ActiveCfg = Debug|Any CPU
		{F4E042F2-685E-45A3-974F-DD25C3DDB040}.Debug|Any CPU.Build.0 = Debug|Any CPU
		{F4E042F2-685E-45A3-974F-DD25C3DDB040}.Debug|Any CPU.Deploy.0 = Debug|Any CPU
		{F4E042F2-685E-45A3-974F-DD25C3DDB040}.Release|Any CPU.ActiveCfg = Release|Any CPU
		{F4E042F2-685E-45A3-974F-DD25C3DDB040}.Release|Any CPU.Build.0 = Release|Any CPU
	EndGlobalSection
	GlobalSection(SolutionProperties) = preSolution
		HideSolutionNode = FALSE
	EndGlobalSection
	GlobalSection(ExtensibilityGlobals) = postSolution
		SolutionGuid = {84F419AB-7DCB-4097-A732-D9691618DFDA}
	EndGlobalSection
EndGlobal
